
Microsoft Visual Studio Solution File, Format Version 12.00
# Visual Studio Version 17
VisualStudioVersion = 17.5.002.0
MinimumVisualStudioVersion = 10.0.40219.1
Project("{9A19103F-16F7-4668-BE54-9A1E7A4F7556}") = "dotnetcoresample", "dotnetcoresample.csproj", "{57FE20AC-2541-424D-A601-72B2C9D1291D}"
EndProject
Global
	GlobalSection(SolutionConfigurationPlatforms) = preSolution
		Debug|Any CPU = Debug|Any CPU
		Release|Any CPU = Release|Any CPU
	EndGlobalSection
	GlobalSection(ProjectConfigurationPlatforms) = postSolution
		{57FE20AC-2541-424D-A601-72B2C9D1291D}.Debug|Any CPU.ActiveCfg = Debug|Any CPU
		{57FE20AC-2541-424D-A601-72B2C9D1291D}.Debug|Any CPU.Build.0 = Debug|Any CPU
		{57FE20AC-2541-424D-A601-72B2C9D1291D}.Release|Any CPU.ActiveCfg = Release|Any CPU
		{57FE20AC-2541-424D-A601-72B2C9D1291D}.Release|Any CPU.Build.0 = Release|Any CPU
	EndGlobalSection
	GlobalSection(SolutionProperties) = preSolution
		HideSolutionNode = FALSE
	EndGlobalSection
	GlobalSection(ExtensibilityGlobals) = postSolution
		SolutionGuid = {96DBFA33-29ED-492F-9F4B-CBA99A3764B9}
	EndGlobalSection
EndGlobal
